{
  "requires": true,
  "lockfileVersion": 1,
  "dependencies": {
    "littlefoot": {
      "version": "3.4.1",
      "resolved": "https://registry.npmjs.org/littlefoot/-/littlefoot-3.4.1.tgz",
      "integrity": "sha512-P5gVZCqRLWPn5WndTQT+bTiGtWv6cEuhTYjDaDAH2vwLvRIK4q2WoD10SuI8NytRKgGdR3vUIW2G7vLUHJR5jQ==",
      "requires": {
        "@pacote/get-style": "^1.0.0",
        "@pacote/pixels": "^1.0.0",
        "@pacote/throttle": "^1.0.0",
        "delegated-events": "^1.0.10"
      }
    }
  }
}
